// !$*UTF8*$!
{
	archiveVersion = 1;
	classes = {
	};
	objectVersion = 56;
	objects = {

/* Begin PBXBuildFile section */
		DC021A792BAF0080000250E6 /* SoundsViewController.swift in Sources */ = {isa = PBXBuildFile; fileRef = DC021A782BAF0080000250E6 /* SoundsViewController.swift */; };
		DC021A7E2BAF072D000250E6 /* rain.mp3 in Resources */ = {isa = PBXBuildFile; fileRef = DC021A7B2BAF072D000250E6 /* rain.mp3 */; };
		DC021A7F2BAF072D000250E6 /* nature.mp3 in Resources */ = {isa = PBXBuildFile; fileRef = DC021A7C2BAF072D000250E6 /* nature.mp3 */; };
		DC021A802BAF072D000250E6 /* fireplace.mp3 in Resources */ = {isa = PBXBuildFile; fileRef = DC021A7D2BAF072D000250E6 /* fireplace.mp3 */; };
		DC021A822BAF097D000250E6 /* SoundManager.swift in Sources */ = {isa = PBXBuildFile; fileRef = DC021A812BAF097D000250E6 /* SoundManager.swift */; };
		DC0C25202BA48243004C0FF1 /* TabBarController.swift in Sources */ = {isa = PBXBuildFile; fileRef = DC0C251F2BA48243004C0FF1 /* TabBarController.swift */; };
		DC1B1B242B92115F00C7E21B /* FirestoreManager.swift in Sources */ = {isa = PBXBuildFile; fileRef = DC1B1B232B92115F00C7E21B /* FirestoreManager.swift */; };
		DC251EB52B95E3A4003E163E /* CalendarViewController.swift in Sources */ = {isa = PBXBuildFile; fileRef = DC251EB42B95E3A4003E163E /* CalendarViewController.swift */; };
		DC30AE2D2BB6F20400AD83F1 /* jazz.mp3 in Resources */ = {isa = PBXBuildFile; fileRef = DC30AE292BB6F20400AD83F1 /* jazz.mp3 */; };
		DC30AE2E2BB6F20400AD83F1 /* relax.mp3 in Resources */ = {isa = PBXBuildFile; fileRef = DC30AE2A2BB6F20400AD83F1 /* relax.mp3 */; };
		DC30AE2F2BB6F20400AD83F1 /* clock.mp3 in Resources */ = {isa = PBXBuildFile; fileRef = DC30AE2B2BB6F20400AD83F1 /* clock.mp3 */; };
		DC30AE302BB6F20400AD83F1 /* piano.mp3 in Resources */ = {isa = PBXBuildFile; fileRef = DC30AE2C2BB6F20400AD83F1 /* piano.mp3 */; };
		DC450C742BA474C40002A824 /* CompletedTaskCell.swift in Sources */ = {isa = PBXBuildFile; fileRef = DC450C732BA474C40002A824 /* CompletedTaskCell.swift */; };
		DC66B9492B7AB570003A4BE8 /* Model.swift in Sources */ = {isa = PBXBuildFile; fileRef = DC66B9482B7AB570003A4BE8 /* Model.swift */; };
		DC9B27512B78ED0300EFE6D9 /* FirebaseFirestore in Frameworks */ = {isa = PBXBuildFile; productRef = DC9B27502B78ED0300EFE6D9 /* FirebaseFirestore */; };
		DC9B27532B78ED0300EFE6D9 /* FirebaseFirestoreSwift in Frameworks */ = {isa = PBXBuildFile; productRef = DC9B27522B78ED0300EFE6D9 /* FirebaseFirestoreSwift */; };
		DCA49A9A2BAB7484003D5FEB /* ImageManager.swift in Sources */ = {isa = PBXBuildFile; fileRef = DCA49A992BAB7484003D5FEB /* ImageManager.swift */; };
		DCA51AA52BAB063B00E2F8BB /* ProfileTableViewCell.swift in Sources */ = {isa = PBXBuildFile; fileRef = DCA51AA42BAB063B00E2F8BB /* ProfileTableViewCell.swift */; };
		DCAF4B442B9F035A00FA979F /* AnalyticsViewController.swift in Sources */ = {isa = PBXBuildFile; fileRef = DCAF4B432B9F035A00FA979F /* AnalyticsViewController.swift */; };
		DCB346772B586A3F0056DEAC /* UIIMageView+Extensions.swift in Sources */ = {isa = PBXBuildFile; fileRef = DCB346762B586A3F0056DEAC /* UIIMageView+Extensions.swift */; };
		DCB3467B2B5873890056DEAC /* OptionTableViewCell.swift in Sources */ = {isa = PBXBuildFile; fileRef = DCB3467A2B5873890056DEAC /* OptionTableViewCell.swift */; };
		DCB75DA12B5083330036A076 /* LoaderButton.swift in Sources */ = {isa = PBXBuildFile; fileRef = DCB75D932B5083330036A076 /* LoaderButton.swift */; };
		DCB75DA22B5083330036A076 /* DesignableUITextField.swift in Sources */ = {isa = PBXBuildFile; fileRef = DCB75D952B5083330036A076 /* DesignableUITextField.swift */; };
		DCB75DA32B5083330036A076 /* CardView.swift in Sources */ = {isa = PBXBuildFile; fileRef = DCB75D972B5083330036A076 /* CardView.swift */; };
		DCB75DA62B5083330036A076 /* RoundedButton.swift in Sources */ = {isa = PBXBuildFile; fileRef = DCB75D9C2B5083330036A076 /* RoundedButton.swift */; };
		DCB75DAA2B5085840036A076 /* LoginViewController.swift in Sources */ = {isa = PBXBuildFile; fileRef = DCB75DA92B5085840036A076 /* LoginViewController.swift */; };
		DCB75DAC2B50867C0036A076 /* GoogleService-Info.plist in Resources */ = {isa = PBXBuildFile; fileRef = DCB75DAB2B50867C0036A076 /* GoogleService-Info.plist */; };
		DCB75DF32B508C6D0036A076 /* SignupViewController.swift in Sources */ = {isa = PBXBuildFile; fileRef = DCB75DF22B508C6D0036A076 /* SignupViewController.swift */; };
		DCB75DF62B508DE30036A076 /* FirebaseAnalytics in Frameworks */ = {isa = PBXBuildFile; productRef = DCB75DF52B508DE30036A076 /* FirebaseAnalytics */; };
		DCB75DF82B508DE30036A076 /* FirebaseAnalyticsOnDeviceConversion in Frameworks */ = {isa = PBXBuildFile; productRef = DCB75DF72B508DE30036A076 /* FirebaseAnalyticsOnDeviceConversion */; };
		DCB75DFA2B508DE30036A076 /* FirebaseAnalyticsSwift in Frameworks */ = {isa = PBXBuildFile; productRef = DCB75DF92B508DE30036A076 /* FirebaseAnalyticsSwift */; };
		DCB75DFC2B508DE30036A076 /* FirebaseAnalyticsWithoutAdIdSupport in Frameworks */ = {isa = PBXBuildFile; productRef = DCB75DFB2B508DE30036A076 /* FirebaseAnalyticsWithoutAdIdSupport */; };
		DCB75DFE2B508DE30036A076 /* FirebaseAppCheck in Frameworks */ = {isa = PBXBuildFile; productRef = DCB75DFD2B508DE30036A076 /* FirebaseAppCheck */; };
		DCB75E002B508DE30036A076 /* FirebaseAppDistribution-Beta in Frameworks */ = {isa = PBXBuildFile; productRef = DCB75DFF2B508DE30036A076 /* FirebaseAppDistribution-Beta */; };
		DCB75E022B508DE30036A076 /* FirebaseAuth in Frameworks */ = {isa = PBXBuildFile; productRef = DCB75E012B508DE30036A076 /* FirebaseAuth */; };
		DCB75E042B508DE30036A076 /* FirebaseAuthCombine-Community in Frameworks */ = {isa = PBXBuildFile; productRef = DCB75E032B508DE30036A076 /* FirebaseAuthCombine-Community */; };
		DCB75E062B508DE30036A076 /* FirebaseCrashlytics in Frameworks */ = {isa = PBXBuildFile; productRef = DCB75E052B508DE30036A076 /* FirebaseCrashlytics */; };
		DCB75E092B508E930036A076 /* IQKeyboardManagerSwift in Frameworks */ = {isa = PBXBuildFile; productRef = DCB75E082B508E930036A076 /* IQKeyboardManagerSwift */; };
		DCC0BC1F2BB848FF00D42119 /* PodoSettingsViewController.swift in Sources */ = {isa = PBXBuildFile; fileRef = DCC0BC1E2BB848FF00D42119 /* PodoSettingsViewController.swift */; };
		DCC473B92B724BF300940243 /* CreateTaskViewController.swift in Sources */ = {isa = PBXBuildFile; fileRef = DCC473B82B724BF300940243 /* CreateTaskViewController.swift */; };
		DCD9D8742B50980B00DA0ED3 /* HomeViewController.swift in Sources */ = {isa = PBXBuildFile; fileRef = DCD9D8732B50980B00DA0ED3 /* HomeViewController.swift */; };
		DCD9D8772B50A8DC00DA0ED3 /* SettingsViewController.swift in Sources */ = {isa = PBXBuildFile; fileRef = DCD9D8762B50A8DC00DA0ED3 /* SettingsViewController.swift */; };
		DCE36BA32B5879C40057B778 /* SwitchTableViewCell.swift in Sources */ = {isa = PBXBuildFile; fileRef = DCE36BA22B5879C40057B778 /* SwitchTableViewCell.swift */; };
		DCE8D6F62BC97795004746FF /* ding.mp3 in Resources */ = {isa = PBXBuildFile; fileRef = DCE8D6F52BC97795004746FF /* ding.mp3 */; };
		DCEFD9422BA1D2A7003F775B /* CalendarTableViewCell.swift in Sources */ = {isa = PBXBuildFile; fileRef = DCEFD9412BA1D2A7003F775B /* CalendarTableViewCell.swift */; };
		DCF3E8DC2B7FCE7400BE2053 /* TasksViewController.swift in Sources */ = {isa = PBXBuildFile; fileRef = DCF3E8DB2B7FCE7400BE2053 /* TasksViewController.swift */; };
		DCF3E8DF2B7FF85400BE2053 /* UncompletedTaskCell.swift in Sources */ = {isa = PBXBuildFile; fileRef = DCF3E8DE2B7FF85400BE2053 /* UncompletedTaskCell.swift */; };
		DCF6560B2B9095CA005E7B15 /* TaskManager.swift in Sources */ = {isa = PBXBuildFile; fileRef = DCF6560A2B9095CA005E7B15 /* TaskManager.swift */; };
		DCFB59C92B4D711D00DF2F5D /* AppDelegate.swift in Sources */ = {isa = PBXBuildFile; fileRef = DCFB59C82B4D711D00DF2F5D /* AppDelegate.swift */; };
		DCFB59CB2B4D711D00DF2F5D /* SceneDelegate.swift in Sources */ = {isa = PBXBuildFile; fileRef = DCFB59CA2B4D711D00DF2F5D /* SceneDelegate.swift */; };
		DCFB59D02B4D711D00DF2F5D /* Main.storyboard in Resources */ = {isa = PBXBuildFile; fileRef = DCFB59CE2B4D711D00DF2F5D /* Main.storyboard */; };
		DCFB59D22B4D711E00DF2F5D /* Assets.xcassets in Resources */ = {isa = PBXBuildFile; fileRef = DCFB59D12B4D711E00DF2F5D /* Assets.xcassets */; };
		DCFB59D52B4D711E00DF2F5D /* LaunchScreen.storyboard in Resources */ = {isa = PBXBuildFile; fileRef = DCFB59D32B4D711E00DF2F5D /* LaunchScreen.storyboard */; };
		DCFB59E42B4D723600DF2F5D /* XIBLocalizable.swift in Sources */ = {isa = PBXBuildFile; fileRef = DCFB59E12B4D723600DF2F5D /* XIBLocalizable.swift */; };
		DCFB59E52B4D723600DF2F5D /* ReusableView.swift in Sources */ = {isa = PBXBuildFile; fileRef = DCFB59E22B4D723600DF2F5D /* ReusableView.swift */; };
		DCFB59E62B4D723600DF2F5D /* UiModelState.swift in Sources */ = {isa = PBXBuildFile; fileRef = DCFB59E32B4D723600DF2F5D /* UiModelState.swift */; };
		DCFB59F42B4D724400DF2F5D /* UIApplication+Extensions.swift in Sources */ = {isa = PBXBuildFile; fileRef = DCFB59E72B4D724400DF2F5D /* UIApplication+Extensions.swift */; };
		DCFB59F52B4D724400DF2F5D /* CALayerExtensions.swift in Sources */ = {isa = PBXBuildFile; fileRef = DCFB59E82B4D724400DF2F5D /* CALayerExtensions.swift */; };
		DCFB59F62B4D724400DF2F5D /* Localization.swift in Sources */ = {isa = PBXBuildFile; fileRef = DCFB59E92B4D724400DF2F5D /* Localization.swift */; };
		DCFB59F72B4D724400DF2F5D /* String+Extensions.swift in Sources */ = {isa = PBXBuildFile; fileRef = DCFB59EA2B4D724400DF2F5D /* String+Extensions.swift */; };
		DCFB59F82B4D724400DF2F5D /* UIColor+Extensions.swift in Sources */ = {isa = PBXBuildFile; fileRef = DCFB59EB2B4D724400DF2F5D /* UIColor+Extensions.swift */; };
		DCFB59F92B4D724400DF2F5D /* UIView+Extension.swift in Sources */ = {isa = PBXBuildFile; fileRef = DCFB59EC2B4D724400DF2F5D /* UIView+Extension.swift */; };
		DCFB59FA2B4D724400DF2F5D /* UIFont+Extensions.swift in Sources */ = {isa = PBXBuildFile; fileRef = DCFB59ED2B4D724400DF2F5D /* UIFont+Extensions.swift */; };
		DCFB59FB2B4D724400DF2F5D /* UICollectionView+Reusable.swift in Sources */ = {isa = PBXBuildFile; fileRef = DCFB59EE2B4D724400DF2F5D /* UICollectionView+Reusable.swift */; };
		DCFB59FC2B4D724400DF2F5D /* UIButton+Extensions.swift in Sources */ = {isa = PBXBuildFile; fileRef = DCFB59EF2B4D724400DF2F5D /* UIButton+Extensions.swift */; };
		DCFB59FD2B4D724400DF2F5D /* UIWindow+Extensions.swift in Sources */ = {isa = PBXBuildFile; fileRef = DCFB59F02B4D724400DF2F5D /* UIWindow+Extensions.swift */; };
		DCFB59FE2B4D724400DF2F5D /* UIViewController+Extensions.swift in Sources */ = {isa = PBXBuildFile; fileRef = DCFB59F12B4D724400DF2F5D /* UIViewController+Extensions.swift */; };
		DCFB59FF2B4D724400DF2F5D /* UITableView+Extensions.swift in Sources */ = {isa = PBXBuildFile; fileRef = DCFB59F22B4D724400DF2F5D /* UITableView+Extensions.swift */; };
		DCFB5A002B4D724400DF2F5D /* UIDevice+Extensions.swift in Sources */ = {isa = PBXBuildFile; fileRef = DCFB59F32B4D724400DF2F5D /* UIDevice+Extensions.swift */; };
		DCFB5A062B4D72D200DF2F5D /* OnboardingViewController.swift in Sources */ = {isa = PBXBuildFile; fileRef = DCFB5A042B4D72D200DF2F5D /* OnboardingViewController.swift */; };
		DCFB5A092B4D737500DF2F5D /* Colors.xcassets in Resources */ = {isa = PBXBuildFile; fileRef = DCFB5A082B4D737500DF2F5D /* Colors.xcassets */; };
		DCFB5A0C2B4D787C00DF2F5D /* SplashViewController.swift in Sources */ = {isa = PBXBuildFile; fileRef = DCFB5A0B2B4D787C00DF2F5D /* SplashViewController.swift */; };
		E41A364E8EEAE40294D7BDE2 /* Pods_PoDo.framework in Frameworks */ = {isa = PBXBuildFile; fileRef = CA33DEEB9C4185AC7BC16FD1 /* Pods_PoDo.framework */; };
/* End PBXBuildFile section */

/* Begin PBXFileReference section */
		1D23CEEDB38BEA34736808B5 /* Pods-PoDo.debug.xcconfig */ = {isa = PBXFileReference; includeInIndex = 1; lastKnownFileType = text.xcconfig; name = "Pods-PoDo.debug.xcconfig"; path = "Target Support Files/Pods-PoDo/Pods-PoDo.debug.xcconfig"; sourceTree = "<group>"; };
		B4DE1C807EAE66E98B34948A /* Pods-PoDo.release.xcconfig */ = {isa = PBXFileReference; includeInIndex = 1; lastKnownFileType = text.xcconfig; name = "Pods-PoDo.release.xcconfig"; path = "Target Support Files/Pods-PoDo/Pods-PoDo.release.xcconfig"; sourceTree = "<group>"; };
		CA33DEEB9C4185AC7BC16FD1 /* Pods_PoDo.framework */ = {isa = PBXFileReference; explicitFileType = wrapper.framework; includeInIndex = 0; path = Pods_PoDo.framework; sourceTree = BUILT_PRODUCTS_DIR; };
		DC021A782BAF0080000250E6 /* SoundsViewController.swift */ = {isa = PBXFileReference; lastKnownFileType = sourcecode.swift; path = SoundsViewController.swift; sourceTree = "<group>"; };
		DC021A7B2BAF072D000250E6 /* rain.mp3 */ = {isa = PBXFileReference; lastKnownFileType = audio.mp3; path = rain.mp3; sourceTree = "<group>"; };
		DC021A7C2BAF072D000250E6 /* nature.mp3 */ = {isa = PBXFileReference; lastKnownFileType = audio.mp3; path = nature.mp3; sourceTree = "<group>"; };
		DC021A7D2BAF072D000250E6 /* fireplace.mp3 */ = {isa = PBXFileReference; lastKnownFileType = audio.mp3; path = fireplace.mp3; sourceTree = "<group>"; };
		DC021A812BAF097D000250E6 /* SoundManager.swift */ = {isa = PBXFileReference; lastKnownFileType = sourcecode.swift; path = SoundManager.swift; sourceTree = "<group>"; };
		DC0C251F2BA48243004C0FF1 /* TabBarController.swift */ = {isa = PBXFileReference; lastKnownFileType = sourcecode.swift; path = TabBarController.swift; sourceTree = "<group>"; };
		DC1B1B232B92115F00C7E21B /* FirestoreManager.swift */ = {isa = PBXFileReference; lastKnownFileType = sourcecode.swift; path = FirestoreManager.swift; sourceTree = "<group>"; };
		DC251EB42B95E3A4003E163E /* CalendarViewController.swift */ = {isa = PBXFileReference; lastKnownFileType = sourcecode.swift; path = CalendarViewController.swift; sourceTree = "<group>"; };
		DC30AE292BB6F20400AD83F1 /* jazz.mp3 */ = {isa = PBXFileReference; lastKnownFileType = audio.mp3; path = jazz.mp3; sourceTree = "<group>"; };
		DC30AE2A2BB6F20400AD83F1 /* relax.mp3 */ = {isa = PBXFileReference; lastKnownFileType = audio.mp3; path = relax.mp3; sourceTree = "<group>"; };
		DC30AE2B2BB6F20400AD83F1 /* clock.mp3 */ = {isa = PBXFileReference; lastKnownFileType = audio.mp3; path = clock.mp3; sourceTree = "<group>"; };
		DC30AE2C2BB6F20400AD83F1 /* piano.mp3 */ = {isa = PBXFileReference; lastKnownFileType = audio.mp3; path = piano.mp3; sourceTree = "<group>"; };
		DC450C732BA474C40002A824 /* CompletedTaskCell.swift */ = {isa = PBXFileReference; lastKnownFileType = sourcecode.swift; path = CompletedTaskCell.swift; sourceTree = "<group>"; };
		DC66B9482B7AB570003A4BE8 /* Model.swift */ = {isa = PBXFileReference; lastKnownFileType = sourcecode.swift; path = Model.swift; sourceTree = "<group>"; };
		DCA49A992BAB7484003D5FEB /* ImageManager.swift */ = {isa = PBXFileReference; lastKnownFileType = sourcecode.swift; path = ImageManager.swift; sourceTree = "<group>"; };
		DCA51AA42BAB063B00E2F8BB /* ProfileTableViewCell.swift */ = {isa = PBXFileReference; lastKnownFileType = sourcecode.swift; path = ProfileTableViewCell.swift; sourceTree = "<group>"; };
		DCAF4B432B9F035A00FA979F /* AnalyticsViewController.swift */ = {isa = PBXFileReference; lastKnownFileType = sourcecode.swift; path = AnalyticsViewController.swift; sourceTree = "<group>"; };
		DCB346762B586A3F0056DEAC /* UIIMageView+Extensions.swift */ = {isa = PBXFileReference; lastKnownFileType = sourcecode.swift; path = "UIIMageView+Extensions.swift"; sourceTree = "<group>"; };
		DCB3467A2B5873890056DEAC /* OptionTableViewCell.swift */ = {isa = PBXFileReference; lastKnownFileType = sourcecode.swift; path = OptionTableViewCell.swift; sourceTree = "<group>"; };
		DCB75D932B5083330036A076 /* LoaderButton.swift */ = {isa = PBXFileReference; fileEncoding = 4; lastKnownFileType = sourcecode.swift; path = LoaderButton.swift; sourceTree = "<group>"; };
		DCB75D952B5083330036A076 /* DesignableUITextField.swift */ = {isa = PBXFileReference; fileEncoding = 4; lastKnownFileType = sourcecode.swift; path = DesignableUITextField.swift; sourceTree = "<group>"; };
		DCB75D972B5083330036A076 /* CardView.swift */ = {isa = PBXFileReference; fileEncoding = 4; lastKnownFileType = sourcecode.swift; path = CardView.swift; sourceTree = "<group>"; };
		DCB75D9C2B5083330036A076 /* RoundedButton.swift */ = {isa = PBXFileReference; fileEncoding = 4; lastKnownFileType = sourcecode.swift; path = RoundedButton.swift; sourceTree = "<group>"; };
		DCB75DA92B5085840036A076 /* LoginViewController.swift */ = {isa = PBXFileReference; fileEncoding = 4; lastKnownFileType = sourcecode.swift; path = LoginViewController.swift; sourceTree = "<group>"; };
		DCB75DAB2B50867C0036A076 /* GoogleService-Info.plist */ = {isa = PBXFileReference; fileEncoding = 4; lastKnownFileType = text.plist.xml; path = "GoogleService-Info.plist"; sourceTree = "<group>"; };
		DCB75DF22B508C6D0036A076 /* SignupViewController.swift */ = {isa = PBXFileReference; fileEncoding = 4; lastKnownFileType = sourcecode.swift; path = SignupViewController.swift; sourceTree = "<group>"; };
		DCC0BC1E2BB848FF00D42119 /* PodoSettingsViewController.swift */ = {isa = PBXFileReference; lastKnownFileType = sourcecode.swift; path = PodoSettingsViewController.swift; sourceTree = "<group>"; };
		DCC473B82B724BF300940243 /* CreateTaskViewController.swift */ = {isa = PBXFileReference; lastKnownFileType = sourcecode.swift; path = CreateTaskViewController.swift; sourceTree = "<group>"; };
		DCD9D8732B50980B00DA0ED3 /* HomeViewController.swift */ = {isa = PBXFileReference; fileEncoding = 4; lastKnownFileType = sourcecode.swift; path = HomeViewController.swift; sourceTree = "<group>"; };
		DCD9D8762B50A8DC00DA0ED3 /* SettingsViewController.swift */ = {isa = PBXFileReference; lastKnownFileType = sourcecode.swift; path = SettingsViewController.swift; sourceTree = "<group>"; };
		DCE36BA22B5879C40057B778 /* SwitchTableViewCell.swift */ = {isa = PBXFileReference; lastKnownFileType = sourcecode.swift; path = SwitchTableViewCell.swift; sourceTree = "<group>"; };
		DCE8D6F52BC97795004746FF /* ding.mp3 */ = {isa = PBXFileReference; lastKnownFileType = audio.mp3; path = ding.mp3; sourceTree = "<group>"; };
		DCEFD9412BA1D2A7003F775B /* CalendarTableViewCell.swift */ = {isa = PBXFileReference; lastKnownFileType = sourcecode.swift; path = CalendarTableViewCell.swift; sourceTree = "<group>"; };
		DCF3E8DB2B7FCE7400BE2053 /* TasksViewController.swift */ = {isa = PBXFileReference; lastKnownFileType = sourcecode.swift; path = TasksViewController.swift; sourceTree = "<group>"; };
		DCF3E8DE2B7FF85400BE2053 /* UncompletedTaskCell.swift */ = {isa = PBXFileReference; lastKnownFileType = sourcecode.swift; path = UncompletedTaskCell.swift; sourceTree = "<group>"; };
		DCF6560A2B9095CA005E7B15 /* TaskManager.swift */ = {isa = PBXFileReference; lastKnownFileType = sourcecode.swift; path = TaskManager.swift; sourceTree = "<group>"; };
		DCFB59C52B4D711D00DF2F5D /* Podo.app */ = {isa = PBXFileReference; explicitFileType = wrapper.application; includeInIndex = 0; path = Podo.app; sourceTree = BUILT_PRODUCTS_DIR; };
		DCFB59C82B4D711D00DF2F5D /* AppDelegate.swift */ = {isa = PBXFileReference; lastKnownFileType = sourcecode.swift; path = AppDelegate.swift; sourceTree = "<group>"; };
		DCFB59CA2B4D711D00DF2F5D /* SceneDelegate.swift */ = {isa = PBXFileReference; lastKnownFileType = sourcecode.swift; path = SceneDelegate.swift; sourceTree = "<group>"; };
		DCFB59CF2B4D711D00DF2F5D /* Base */ = {isa = PBXFileReference; lastKnownFileType = file.storyboard; name = Base; path = Base.lproj/Main.storyboard; sourceTree = "<group>"; };
		DCFB59D12B4D711E00DF2F5D /* Assets.xcassets */ = {isa = PBXFileReference; lastKnownFileType = folder.assetcatalog; path = Assets.xcassets; sourceTree = "<group>"; };
		DCFB59D42B4D711E00DF2F5D /* Base */ = {isa = PBXFileReference; lastKnownFileType = file.storyboard; name = Base; path = Base.lproj/LaunchScreen.storyboard; sourceTree = "<group>"; };
		DCFB59D62B4D711E00DF2F5D /* Info.plist */ = {isa = PBXFileReference; lastKnownFileType = text.plist.xml; path = Info.plist; sourceTree = "<group>"; };
		DCFB59E12B4D723600DF2F5D /* XIBLocalizable.swift */ = {isa = PBXFileReference; fileEncoding = 4; lastKnownFileType = sourcecode.swift; path = XIBLocalizable.swift; sourceTree = "<group>"; };
		DCFB59E22B4D723600DF2F5D /* ReusableView.swift */ = {isa = PBXFileReference; fileEncoding = 4; lastKnownFileType = sourcecode.swift; path = ReusableView.swift; sourceTree = "<group>"; };
		DCFB59E32B4D723600DF2F5D /* UiModelState.swift */ = {isa = PBXFileReference; fileEncoding = 4; lastKnownFileType = sourcecode.swift; path = UiModelState.swift; sourceTree = "<group>"; };
		DCFB59E72B4D724400DF2F5D /* UIApplication+Extensions.swift */ = {isa = PBXFileReference; fileEncoding = 4; lastKnownFileType = sourcecode.swift; path = "UIApplication+Extensions.swift"; sourceTree = "<group>"; };
		DCFB59E82B4D724400DF2F5D /* CALayerExtensions.swift */ = {isa = PBXFileReference; fileEncoding = 4; lastKnownFileType = sourcecode.swift; path = CALayerExtensions.swift; sourceTree = "<group>"; };
		DCFB59E92B4D724400DF2F5D /* Localization.swift */ = {isa = PBXFileReference; fileEncoding = 4; lastKnownFileType = sourcecode.swift; path = Localization.swift; sourceTree = "<group>"; };
		DCFB59EA2B4D724400DF2F5D /* String+Extensions.swift */ = {isa = PBXFileReference; fileEncoding = 4; lastKnownFileType = sourcecode.swift; path = "String+Extensions.swift"; sourceTree = "<group>"; };
		DCFB59EB2B4D724400DF2F5D /* UIColor+Extensions.swift */ = {isa = PBXFileReference; fileEncoding = 4; lastKnownFileType = sourcecode.swift; path = "UIColor+Extensions.swift"; sourceTree = "<group>"; };
		DCFB59EC2B4D724400DF2F5D /* UIView+Extension.swift */ = {isa = PBXFileReference; fileEncoding = 4; lastKnownFileType = sourcecode.swift; path = "UIView+Extension.swift"; sourceTree = "<group>"; };
		DCFB59ED2B4D724400DF2F5D /* UIFont+Extensions.swift */ = {isa = PBXFileReference; fileEncoding = 4; lastKnownFileType = sourcecode.swift; path = "UIFont+Extensions.swift"; sourceTree = "<group>"; };
		DCFB59EE2B4D724400DF2F5D /* UICollectionView+Reusable.swift */ = {isa = PBXFileReference; fileEncoding = 4; lastKnownFileType = sourcecode.swift; path = "UICollectionView+Reusable.swift"; sourceTree = "<group>"; };
		DCFB59EF2B4D724400DF2F5D /* UIButton+Extensions.swift */ = {isa = PBXFileReference; fileEncoding = 4; lastKnownFileType = sourcecode.swift; path = "UIButton+Extensions.swift"; sourceTree = "<group>"; };
		DCFB59F02B4D724400DF2F5D /* UIWindow+Extensions.swift */ = {isa = PBXFileReference; fileEncoding = 4; lastKnownFileType = sourcecode.swift; path = "UIWindow+Extensions.swift"; sourceTree = "<group>"; };
		DCFB59F12B4D724400DF2F5D /* UIViewController+Extensions.swift */ = {isa = PBXFileReference; fileEncoding = 4; lastKnownFileType = sourcecode.swift; path = "UIViewController+Extensions.swift"; sourceTree = "<group>"; };
		DCFB59F22B4D724400DF2F5D /* UITableView+Extensions.swift */ = {isa = PBXFileReference; fileEncoding = 4; lastKnownFileType = sourcecode.swift; path = "UITableView+Extensions.swift"; sourceTree = "<group>"; };
		DCFB59F32B4D724400DF2F5D /* UIDevice+Extensions.swift */ = {isa = PBXFileReference; fileEncoding = 4; lastKnownFileType = sourcecode.swift; path = "UIDevice+Extensions.swift"; sourceTree = "<group>"; };
		DCFB5A042B4D72D200DF2F5D /* OnboardingViewController.swift */ = {isa = PBXFileReference; fileEncoding = 4; lastKnownFileType = sourcecode.swift; path = OnboardingViewController.swift; sourceTree = "<group>"; };
		DCFB5A082B4D737500DF2F5D /* Colors.xcassets */ = {isa = PBXFileReference; lastKnownFileType = folder.assetcatalog; path = Colors.xcassets; sourceTree = "<group>"; };
		DCFB5A0B2B4D787C00DF2F5D /* SplashViewController.swift */ = {isa = PBXFileReference; lastKnownFileType = sourcecode.swift; path = SplashViewController.swift; sourceTree = "<group>"; };
/* End PBXFileReference section */

/* Begin PBXFrameworksBuildPhase section */
		DCFB59C22B4D711D00DF2F5D /* Frameworks */ = {
			isa = PBXFrameworksBuildPhase;
			buildActionMask = 2147483647;
			files = (
				DCB75E002B508DE30036A076 /* FirebaseAppDistribution-Beta in Frameworks */,
				DCB75E042B508DE30036A076 /* FirebaseAuthCombine-Community in Frameworks */,
				DCB75DFA2B508DE30036A076 /* FirebaseAnalyticsSwift in Frameworks */,
				DCB75DFC2B508DE30036A076 /* FirebaseAnalyticsWithoutAdIdSupport in Frameworks */,
				DCB75DF62B508DE30036A076 /* FirebaseAnalytics in Frameworks */,
				DC9B27512B78ED0300EFE6D9 /* FirebaseFirestore in Frameworks */,
				DCB75DF82B508DE30036A076 /* FirebaseAnalyticsOnDeviceConversion in Frameworks */,
				DC9B27532B78ED0300EFE6D9 /* FirebaseFirestoreSwift in Frameworks */,
				DCB75DFE2B508DE30036A076 /* FirebaseAppCheck in Frameworks */,
				DCB75E062B508DE30036A076 /* FirebaseCrashlytics in Frameworks */,
				E41A364E8EEAE40294D7BDE2 /* Pods_PoDo.framework in Frameworks */,
				DCB75E092B508E930036A076 /* IQKeyboardManagerSwift in Frameworks */,
				DCB75E022B508DE30036A076 /* FirebaseAuth in Frameworks */,
			);
			runOnlyForDeploymentPostprocessing = 0;
		};
/* End PBXFrameworksBuildPhase section */

/* Begin PBXGroup section */
		51CAE66C417E6FE4701A9063 /* Pods */ = {
			isa = PBXGroup;
			children = (
				1D23CEEDB38BEA34736808B5 /* Pods-PoDo.debug.xcconfig */,
				B4DE1C807EAE66E98B34948A /* Pods-PoDo.release.xcconfig */,
			);
			path = Pods;
			sourceTree = "<group>";
		};
		D6F735E84E90BA30C2C8B677 /* Frameworks */ = {
			isa = PBXGroup;
			children = (
				CA33DEEB9C4185AC7BC16FD1 /* Pods_PoDo.framework */,
			);
			name = Frameworks;
			sourceTree = "<group>";
		};
		DC021A7A2BAF072D000250E6 /* Sound */ = {
			isa = PBXGroup;
			children = (
				DC021A832BAF0987000250E6 /* Sounds */,
				DC021A812BAF097D000250E6 /* SoundManager.swift */,
			);
			path = Sound;
			sourceTree = "<group>";
		};
		DC021A832BAF0987000250E6 /* Sounds */ = {
			isa = PBXGroup;
			children = (
				DC021A7B2BAF072D000250E6 /* rain.mp3 */,
				DC021A7C2BAF072D000250E6 /* nature.mp3 */,
				DC30AE2B2BB6F20400AD83F1 /* clock.mp3 */,
				DCE8D6F52BC97795004746FF /* ding.mp3 */,
				DC30AE292BB6F20400AD83F1 /* jazz.mp3 */,
				DC30AE2C2BB6F20400AD83F1 /* piano.mp3 */,
				DC30AE2A2BB6F20400AD83F1 /* relax.mp3 */,
				DC021A7D2BAF072D000250E6 /* fireplace.mp3 */,
			);
			path = Sounds;
			sourceTree = "<group>";
		};
		DC66B9472B7AB54F003A4BE8 /* Firebase */ = {
			isa = PBXGroup;
			children = (
				DC66B9482B7AB570003A4BE8 /* Model.swift */,
				DCF656092B9095BC005E7B15 /* Network */,
			);
			path = Firebase;
			sourceTree = "<group>";
		};
		DCA49A982BAB7478003D5FEB /* Image */ = {
			isa = PBXGroup;
			children = (
				DCA49A992BAB7484003D5FEB /* ImageManager.swift */,
			);
			path = Image;
			sourceTree = "<group>";
		};
		DCB346782B58735D0056DEAC /* TableViewCells */ = {
			isa = PBXGroup;
			children = (
				DCA51AA42BAB063B00E2F8BB /* ProfileTableViewCell.swift */,
				DCEFD9412BA1D2A7003F775B /* CalendarTableViewCell.swift */,
				DCE36BA22B5879C40057B778 /* SwitchTableViewCell.swift */,
				DCB3467A2B5873890056DEAC /* OptionTableViewCell.swift */,
				DCF3E8DD2B7FF83A00BE2053 /* TaskCells */,
			);
			path = TableViewCells;
			sourceTree = "<group>";
		};
		DCB75D8B2B5083330036A076 /* Components */ = {
			isa = PBXGroup;
			children = (
				DC0C251F2BA48243004C0FF1 /* TabBarController.swift */,
				DCB75D932B5083330036A076 /* LoaderButton.swift */,
				DCB75D972B5083330036A076 /* CardView.swift */,
				DCB75D952B5083330036A076 /* DesignableUITextField.swift */,
				DCB75D9C2B5083330036A076 /* RoundedButton.swift */,
				DCB346782B58735D0056DEAC /* TableViewCells */,
			);
			path = Components;
			sourceTree = "<group>";
		};
		DCF3E8DD2B7FF83A00BE2053 /* TaskCells */ = {
			isa = PBXGroup;
			children = (
				DCF3E8DE2B7FF85400BE2053 /* UncompletedTaskCell.swift */,
				DC450C732BA474C40002A824 /* CompletedTaskCell.swift */,
			);
			path = TaskCells;
			sourceTree = "<group>";
		};
		DCF656092B9095BC005E7B15 /* Network */ = {
			isa = PBXGroup;
			children = (
				DCF6560A2B9095CA005E7B15 /* TaskManager.swift */,
				DC1B1B232B92115F00C7E21B /* FirestoreManager.swift */,
			);
			path = Network;
			sourceTree = "<group>";
		};
		DCFB59BC2B4D711D00DF2F5D = {
			isa = PBXGroup;
			children = (
				DCFB59C72B4D711D00DF2F5D /* Podo */,
				DCFB59C62B4D711D00DF2F5D /* Products */,
				51CAE66C417E6FE4701A9063 /* Pods */,
				D6F735E84E90BA30C2C8B677 /* Frameworks */,
			);
			sourceTree = "<group>";
		};
		DCFB59C62B4D711D00DF2F5D /* Products */ = {
			isa = PBXGroup;
			children = (
				DCFB59C52B4D711D00DF2F5D /* Podo.app */,
			);
			name = Products;
			sourceTree = "<group>";
		};
		DCFB59C72B4D711D00DF2F5D /* Podo */ = {
			isa = PBXGroup;
			children = (
				DC021A7A2BAF072D000250E6 /* Sound */,
				DCA49A982BAB7478003D5FEB /* Image */,
				DC66B9472B7AB54F003A4BE8 /* Firebase */,
				DCFB59DC2B4D71C800DF2F5D /* Utils */,
				DCFB59DD2B4D71D100DF2F5D /* Extensions */,
				DCFB59DE2B4D71E000DF2F5D /* UI */,
				DCFB59C82B4D711D00DF2F5D /* AppDelegate.swift */,
				DCFB59CA2B4D711D00DF2F5D /* SceneDelegate.swift */,
				DCFB59CE2B4D711D00DF2F5D /* Main.storyboard */,
				DCFB59D12B4D711E00DF2F5D /* Assets.xcassets */,
				DCFB5A082B4D737500DF2F5D /* Colors.xcassets */,
				DCFB59D32B4D711E00DF2F5D /* LaunchScreen.storyboard */,
				DCFB59D62B4D711E00DF2F5D /* Info.plist */,
				DCB75DAB2B50867C0036A076 /* GoogleService-Info.plist */,
			);
			path = Podo;
			sourceTree = "<group>";
		};
		DCFB59DC2B4D71C800DF2F5D /* Utils */ = {
			isa = PBXGroup;
			children = (
				DCFB59E22B4D723600DF2F5D /* ReusableView.swift */,
				DCFB59E32B4D723600DF2F5D /* UiModelState.swift */,
				DCFB59E12B4D723600DF2F5D /* XIBLocalizable.swift */,
			);
			path = Utils;
			sourceTree = "<group>";
		};
		DCFB59DD2B4D71D100DF2F5D /* Extensions */ = {
			isa = PBXGroup;
			children = (
				DCFB59E82B4D724400DF2F5D /* CALayerExtensions.swift */,
				DCFB59E92B4D724400DF2F5D /* Localization.swift */,
				DCFB59EA2B4D724400DF2F5D /* String+Extensions.swift */,
				DCFB59E72B4D724400DF2F5D /* UIApplication+Extensions.swift */,
				DCFB59EF2B4D724400DF2F5D /* UIButton+Extensions.swift */,
				DCFB59EE2B4D724400DF2F5D /* UICollectionView+Reusable.swift */,
				DCFB59EB2B4D724400DF2F5D /* UIColor+Extensions.swift */,
				DCFB59F32B4D724400DF2F5D /* UIDevice+Extensions.swift */,
				DCFB59ED2B4D724400DF2F5D /* UIFont+Extensions.swift */,
				DCFB59F22B4D724400DF2F5D /* UITableView+Extensions.swift */,
				DCFB59EC2B4D724400DF2F5D /* UIView+Extension.swift */,
				DCFB59F12B4D724400DF2F5D /* UIViewController+Extensions.swift */,
				DCFB59F02B4D724400DF2F5D /* UIWindow+Extensions.swift */,
				DCB346762B586A3F0056DEAC /* UIIMageView+Extensions.swift */,
			);
			path = Extensions;
			sourceTree = "<group>";
		};
		DCFB59DE2B4D71E000DF2F5D /* UI */ = {
			isa = PBXGroup;
			children = (
				DCFB59DF2B4D71F000DF2F5D /* Controllers */,
				DCB75D8B2B5083330036A076 /* Components */,
			);
			path = UI;
			sourceTree = "<group>";
		};
		DCFB59DF2B4D71F000DF2F5D /* Controllers */ = {
			isa = PBXGroup;
			children = (
				DC021A782BAF0080000250E6 /* SoundsViewController.swift */,
				DCAF4B432B9F035A00FA979F /* AnalyticsViewController.swift */,
				DC251EB42B95E3A4003E163E /* CalendarViewController.swift */,
				DCF3E8DB2B7FCE7400BE2053 /* TasksViewController.swift */,
				DCC473B82B724BF300940243 /* CreateTaskViewController.swift */,
				DCD9D8762B50A8DC00DA0ED3 /* SettingsViewController.swift */,
				DCD9D8732B50980B00DA0ED3 /* HomeViewController.swift */,
				DCB75DA92B5085840036A076 /* LoginViewController.swift */,
				DCB75DF22B508C6D0036A076 /* SignupViewController.swift */,
				DCFB5A0B2B4D787C00DF2F5D /* SplashViewController.swift */,
				DCFB5A042B4D72D200DF2F5D /* OnboardingViewController.swift */,
				DCC0BC1E2BB848FF00D42119 /* PodoSettingsViewController.swift */,
			);
			path = Controllers;
			sourceTree = "<group>";
		};
/* End PBXGroup section */

/* Begin PBXNativeTarget section */
		DCFB59C42B4D711D00DF2F5D /* Podo */ = {
			isa = PBXNativeTarget;
			buildConfigurationList = DCFB59D92B4D711E00DF2F5D /* Build configuration list for PBXNativeTarget "Podo" */;
			buildPhases = (
				320BAD16764EB5C2DBBC4C4C /* [CP] Check Pods Manifest.lock */,
				DCFB59C12B4D711D00DF2F5D /* Sources */,
				DCFB59C22B4D711D00DF2F5D /* Frameworks */,
				DCFB59C32B4D711D00DF2F5D /* Resources */,
				4CE372260776E63DA186E4AA /* [CP] Embed Pods Frameworks */,
			);
			buildRules = (
			);
			dependencies = (
			);
			name = Podo;
			packageProductDependencies = (
				DCB75DF52B508DE30036A076 /* FirebaseAnalytics */,
				DCB75DF72B508DE30036A076 /* FirebaseAnalyticsOnDeviceConversion */,
				DCB75DF92B508DE30036A076 /* FirebaseAnalyticsSwift */,
				DCB75DFB2B508DE30036A076 /* FirebaseAnalyticsWithoutAdIdSupport */,
				DCB75DFD2B508DE30036A076 /* FirebaseAppCheck */,
				DCB75DFF2B508DE30036A076 /* FirebaseAppDistribution-Beta */,
				DCB75E012B508DE30036A076 /* FirebaseAuth */,
				DCB75E032B508DE30036A076 /* FirebaseAuthCombine-Community */,
				DCB75E052B508DE30036A076 /* FirebaseCrashlytics */,
				DCB75E082B508E930036A076 /* IQKeyboardManagerSwift */,
				DC9B27502B78ED0300EFE6D9 /* FirebaseFirestore */,
				DC9B27522B78ED0300EFE6D9 /* FirebaseFirestoreSwift */,
			);
			productName = PoDo;
			productReference = DCFB59C52B4D711D00DF2F5D /* Podo.app */;
			productType = "com.apple.product-type.application";
		};
/* End PBXNativeTarget section */

/* Begin PBXProject section */
		DCFB59BD2B4D711D00DF2F5D /* Project object */ = {
			isa = PBXProject;
			attributes = {
				BuildIndependentTargetsInParallel = 1;
				LastSwiftUpdateCheck = 1510;
				LastUpgradeCheck = 1510;
				TargetAttributes = {
					DCFB59C42B4D711D00DF2F5D = {
						CreatedOnToolsVersion = 15.1;
					};
				};
			};
			buildConfigurationList = DCFB59C02B4D711D00DF2F5D /* Build configuration list for PBXProject "Podo" */;
			compatibilityVersion = "Xcode 14.0";
			developmentRegion = en;
			hasScannedForEncodings = 0;
			knownRegions = (
				en,
				Base,
			);
			mainGroup = DCFB59BC2B4D711D00DF2F5D;
			packageReferences = (
				DCB75DF42B508DE30036A076 /* XCRemoteSwiftPackageReference "firebase-ios-sdk" */,
				DCB75E072B508E930036A076 /* XCRemoteSwiftPackageReference "IQKeyboardManager" */,
			);
			productRefGroup = DCFB59C62B4D711D00DF2F5D /* Products */;
			projectDirPath = "";
			projectRoot = "";
			targets = (
				DCFB59C42B4D711D00DF2F5D /* Podo */,
			);
		};
/* End PBXProject section */

/* Begin PBXResourcesBuildPhase section */
		DCFB59C32B4D711D00DF2F5D /* Resources */ = {
			isa = PBXResourcesBuildPhase;
			buildActionMask = 2147483647;
			files = (
				DCFB5A092B4D737500DF2F5D /* Colors.xcassets in Resources */,
				DC30AE2F2BB6F20400AD83F1 /* clock.mp3 in Resources */,
				DC30AE302BB6F20400AD83F1 /* piano.mp3 in Resources */,
				DCFB59D52B4D711E00DF2F5D /* LaunchScreen.storyboard in Resources */,
				DCE8D6F62BC97795004746FF /* ding.mp3 in Resources */,
				DC30AE2D2BB6F20400AD83F1 /* jazz.mp3 in Resources */,
				DC30AE2E2BB6F20400AD83F1 /* relax.mp3 in Resources */,
				DC021A7E2BAF072D000250E6 /* rain.mp3 in Resources */,
				DC021A7F2BAF072D000250E6 /* nature.mp3 in Resources */,
				DCFB59D22B4D711E00DF2F5D /* Assets.xcassets in Resources */,
				DCFB59D02B4D711D00DF2F5D /* Main.storyboard in Resources */,
				DC021A802BAF072D000250E6 /* fireplace.mp3 in Resources */,
				DCB75DAC2B50867C0036A076 /* GoogleService-Info.plist in Resources */,
			);
			runOnlyForDeploymentPostprocessing = 0;
		};
/* End PBXResourcesBuildPhase section */

/* Begin PBXShellScriptBuildPhase section */
		320BAD16764EB5C2DBBC4C4C /* [CP] Check Pods Manifest.lock */ = {
			isa = PBXShellScriptBuildPhase;
			buildActionMask = 2147483647;
			files = (
			);
			inputFileListPaths = (
			);
			inputPaths = (
				"${PODS_PODFILE_DIR_PATH}/Podfile.lock",
				"${PODS_ROOT}/Manifest.lock",
			);
			name = "[CP] Check Pods Manifest.lock";
			outputFileListPaths = (
			);
			outputPaths = (
				"$(DERIVED_FILE_DIR)/Pods-PoDo-checkManifestLockResult.txt",
			);
			runOnlyForDeploymentPostprocessing = 0;
			shellPath = /bin/sh;
			shellScript = "diff \"${PODS_PODFILE_DIR_PATH}/Podfile.lock\" \"${PODS_ROOT}/Manifest.lock\" > /dev/null\nif [ $? != 0 ] ; then\n    # print error to STDERR\n    echo \"error: The sandbox is not in sync with the Podfile.lock. Run 'pod install' or update your CocoaPods installation.\" >&2\n    exit 1\nfi\n# This output is used by Xcode 'outputs' to avoid re-running this script phase.\necho \"SUCCESS\" > \"${SCRIPT_OUTPUT_FILE_0}\"\n";
			showEnvVarsInLog = 0;
		};
		4CE372260776E63DA186E4AA /* [CP] Embed Pods Frameworks */ = {
			isa = PBXShellScriptBuildPhase;
			buildActionMask = 2147483647;
			files = (
			);
			inputFileListPaths = (
				"${PODS_ROOT}/Target Support Files/Pods-PoDo/Pods-PoDo-frameworks-${CONFIGURATION}-input-files.xcfilelist",
			);
			name = "[CP] Embed Pods Frameworks";
			outputFileListPaths = (
				"${PODS_ROOT}/Target Support Files/Pods-PoDo/Pods-PoDo-frameworks-${CONFIGURATION}-output-files.xcfilelist",
			);
			runOnlyForDeploymentPostprocessing = 0;
			shellPath = /bin/sh;
			shellScript = "\"${PODS_ROOT}/Target Support Files/Pods-PoDo/Pods-PoDo-frameworks.sh\"\n";
			showEnvVarsInLog = 0;
		};
/* End PBXShellScriptBuildPhase section */

/* Begin PBXSourcesBuildPhase section */
		DCFB59C12B4D711D00DF2F5D /* Sources */ = {
			isa = PBXSourcesBuildPhase;
			buildActionMask = 2147483647;
			files = (
				DC450C742BA474C40002A824 /* CompletedTaskCell.swift in Sources */,
				DCB75DAA2B5085840036A076 /* LoginViewController.swift in Sources */,
				DC021A792BAF0080000250E6 /* SoundsViewController.swift in Sources */,
				DCB3467B2B5873890056DEAC /* OptionTableViewCell.swift in Sources */,
				DCC473B92B724BF300940243 /* CreateTaskViewController.swift in Sources */,
				DCFB59F72B4D724400DF2F5D /* String+Extensions.swift in Sources */,
				DCB75DA12B5083330036A076 /* LoaderButton.swift in Sources */,
				DCFB59F42B4D724400DF2F5D /* UIApplication+Extensions.swift in Sources */,
				DCB75DA22B5083330036A076 /* DesignableUITextField.swift in Sources */,
				DCAF4B442B9F035A00FA979F /* AnalyticsViewController.swift in Sources */,
				DCFB59E42B4D723600DF2F5D /* XIBLocalizable.swift in Sources */,
				DCA51AA52BAB063B00E2F8BB /* ProfileTableViewCell.swift in Sources */,
				DC0C25202BA48243004C0FF1 /* TabBarController.swift in Sources */,
				DC021A822BAF097D000250E6 /* SoundManager.swift in Sources */,
				DCFB59E52B4D723600DF2F5D /* ReusableView.swift in Sources */,
				DCFB59F52B4D724400DF2F5D /* CALayerExtensions.swift in Sources */,
				DCE36BA32B5879C40057B778 /* SwitchTableViewCell.swift in Sources */,
				DCFB59FE2B4D724400DF2F5D /* UIViewController+Extensions.swift in Sources */,
				DCFB59FD2B4D724400DF2F5D /* UIWindow+Extensions.swift in Sources */,
				DCFB5A062B4D72D200DF2F5D /* OnboardingViewController.swift in Sources */,
				DCFB59FB2B4D724400DF2F5D /* UICollectionView+Reusable.swift in Sources */,
				DCFB5A002B4D724400DF2F5D /* UIDevice+Extensions.swift in Sources */,
				DCC0BC1F2BB848FF00D42119 /* PodoSettingsViewController.swift in Sources */,
				DCB75DA62B5083330036A076 /* RoundedButton.swift in Sources */,
				DCF3E8DC2B7FCE7400BE2053 /* TasksViewController.swift in Sources */,
				DCEFD9422BA1D2A7003F775B /* CalendarTableViewCell.swift in Sources */,
				DCFB59FF2B4D724400DF2F5D /* UITableView+Extensions.swift in Sources */,
				DCB75DA32B5083330036A076 /* CardView.swift in Sources */,
				DCF3E8DF2B7FF85400BE2053 /* UncompletedTaskCell.swift in Sources */,
				DC251EB52B95E3A4003E163E /* CalendarViewController.swift in Sources */,
				DCB346772B586A3F0056DEAC /* UIIMageView+Extensions.swift in Sources */,
				DCFB59F92B4D724400DF2F5D /* UIView+Extension.swift in Sources */,
				DC66B9492B7AB570003A4BE8 /* Model.swift in Sources */,
				DCFB59F62B4D724400DF2F5D /* Localization.swift in Sources */,
				DCA49A9A2BAB7484003D5FEB /* ImageManager.swift in Sources */,
				DCD9D8742B50980B00DA0ED3 /* HomeViewController.swift in Sources */,
				DCFB59C92B4D711D00DF2F5D /* AppDelegate.swift in Sources */,
				DC1B1B242B92115F00C7E21B /* FirestoreManager.swift in Sources */,
				DCF6560B2B9095CA005E7B15 /* TaskManager.swift in Sources */,
				DCFB59F82B4D724400DF2F5D /* UIColor+Extensions.swift in Sources */,
				DCB75DF32B508C6D0036A076 /* SignupViewController.swift in Sources */,
				DCD9D8772B50A8DC00DA0ED3 /* SettingsViewController.swift in Sources */,
				DCFB59FA2B4D724400DF2F5D /* UIFont+Extensions.swift in Sources */,
				DCFB59CB2B4D711D00DF2F5D /* SceneDelegate.swift in Sources */,
				DCFB59FC2B4D724400DF2F5D /* UIButton+Extensions.swift in Sources */,
				DCFB59E62B4D723600DF2F5D /* UiModelState.swift in Sources */,
				DCFB5A0C2B4D787C00DF2F5D /* SplashViewController.swift in Sources */,
			);
			runOnlyForDeploymentPostprocessing = 0;
		};
/* End PBXSourcesBuildPhase section */

/* Begin PBXVariantGroup section */
		DCFB59CE2B4D711D00DF2F5D /* Main.storyboard */ = {
			isa = PBXVariantGroup;
			children = (
				DCFB59CF2B4D711D00DF2F5D /* Base */,
			);
			name = Main.storyboard;
			sourceTree = "<group>";
		};
		DCFB59D32B4D711E00DF2F5D /* LaunchScreen.storyboard */ = {
			isa = PBXVariantGroup;
			children = (
				DCFB59D42B4D711E00DF2F5D /* Base */,
			);
			name = LaunchScreen.storyboard;
			sourceTree = "<group>";
		};
/* End PBXVariantGroup section */

/* Begin XCBuildConfiguration section */
		DCFB59D72B4D711E00DF2F5D /* Debug */ = {
			isa = XCBuildConfiguration;
			buildSettings = {
				ALWAYS_SEARCH_USER_PATHS = NO;
				ASSETCATALOG_COMPILER_GENERATE_SWIFT_ASSET_SYMBOL_EXTENSIONS = YES;
				CLANG_ANALYZER_NONNULL = YES;
				CLANG_ANALYZER_NUMBER_OBJECT_CONVERSION = YES_AGGRESSIVE;
				CLANG_CXX_LANGUAGE_STANDARD = "gnu++20";
				CLANG_ENABLE_MODULES = YES;
				CLANG_ENABLE_OBJC_ARC = YES;
				CLANG_ENABLE_OBJC_WEAK = YES;
				CLANG_WARN_BLOCK_CAPTURE_AUTORELEASING = YES;
				CLANG_WARN_BOOL_CONVERSION = YES;
				CLANG_WARN_COMMA = YES;
				CLANG_WARN_CONSTANT_CONVERSION = YES;
				CLANG_WARN_DEPRECATED_OBJC_IMPLEMENTATIONS = YES;
				CLANG_WARN_DIRECT_OBJC_ISA_USAGE = YES_ERROR;
				CLANG_WARN_DOCUMENTATION_COMMENTS = YES;
				CLANG_WARN_EMPTY_BODY = YES;
				CLANG_WARN_ENUM_CONVERSION = YES;
				CLANG_WARN_INFINITE_RECURSION = YES;
				CLANG_WARN_INT_CONVERSION = YES;
				CLANG_WARN_NON_LITERAL_NULL_CONVERSION = YES;
				CLANG_WARN_OBJC_IMPLICIT_RETAIN_SELF = YES;
				CLANG_WARN_OBJC_LITERAL_CONVERSION = YES;
				CLANG_WARN_OBJC_ROOT_CLASS = YES_ERROR;
				CLANG_WARN_QUOTED_INCLUDE_IN_FRAMEWORK_HEADER = YES;
				CLANG_WARN_RANGE_LOOP_ANALYSIS = YES;
				CLANG_WARN_STRICT_PROTOTYPES = YES;
				CLANG_WARN_SUSPICIOUS_MOVE = YES;
				CLANG_WARN_UNGUARDED_AVAILABILITY = YES_AGGRESSIVE;
				CLANG_WARN_UNREACHABLE_CODE = YES;
				CLANG_WARN__DUPLICATE_METHOD_MATCH = YES;
				COPY_PHASE_STRIP = NO;
				DEBUG_INFORMATION_FORMAT = dwarf;
				ENABLE_STRICT_OBJC_MSGSEND = YES;
				ENABLE_TESTABILITY = YES;
				ENABLE_USER_SCRIPT_SANDBOXING = NO;
				GCC_C_LANGUAGE_STANDARD = gnu17;
				GCC_DYNAMIC_NO_PIC = NO;
				GCC_NO_COMMON_BLOCKS = YES;
				GCC_OPTIMIZATION_LEVEL = 0;
				GCC_PREPROCESSOR_DEFINITIONS = (
					"DEBUG=1",
					"$(inherited)",
				);
				GCC_WARN_64_TO_32_BIT_CONVERSION = YES;
				GCC_WARN_ABOUT_RETURN_TYPE = YES_ERROR;
				GCC_WARN_UNDECLARED_SELECTOR = YES;
				GCC_WARN_UNINITIALIZED_AUTOS = YES_AGGRESSIVE;
				GCC_WARN_UNUSED_FUNCTION = YES;
				GCC_WARN_UNUSED_VARIABLE = YES;
				IPHONEOS_DEPLOYMENT_TARGET = 17.0;
				LOCALIZATION_PREFERS_STRING_CATALOGS = YES;
				MTL_ENABLE_DEBUG_INFO = INCLUDE_SOURCE;
				MTL_FAST_MATH = YES;
				ONLY_ACTIVE_ARCH = YES;
				SDKROOT = iphoneos;
				SWIFT_ACTIVE_COMPILATION_CONDITIONS = "DEBUG $(inherited)";
				SWIFT_OPTIMIZATION_LEVEL = "-Onone";
			};
			name = Debug;
		};
		DCFB59D82B4D711E00DF2F5D /* Release */ = {
			isa = XCBuildConfiguration;
			buildSettings = {
				ALWAYS_SEARCH_USER_PATHS = NO;
				ASSETCATALOG_COMPILER_GENERATE_SWIFT_ASSET_SYMBOL_EXTENSIONS = YES;
				CLANG_ANALYZER_NONNULL = YES;
				CLANG_ANALYZER_NUMBER_OBJECT_CONVERSION = YES_AGGRESSIVE;
				CLANG_CXX_LANGUAGE_STANDARD = "gnu++20";
				CLANG_ENABLE_MODULES = YES;
				CLANG_ENABLE_OBJC_ARC = YES;
				CLANG_ENABLE_OBJC_WEAK = YES;
				CLANG_WARN_BLOCK_CAPTURE_AUTORELEASING = YES;
				CLANG_WARN_BOOL_CONVERSION = YES;
				CLANG_WARN_COMMA = YES;
				CLANG_WARN_CONSTANT_CONVERSION = YES;
				CLANG_WARN_DEPRECATED_OBJC_IMPLEMENTATIONS = YES;
				CLANG_WARN_DIRECT_OBJC_ISA_USAGE = YES_ERROR;
				CLANG_WARN_DOCUMENTATION_COMMENTS = YES;
				CLANG_WARN_EMPTY_BODY = YES;
				CLANG_WARN_ENUM_CONVERSION = YES;
				CLANG_WARN_INFINITE_RECURSION = YES;
				CLANG_WARN_INT_CONVERSION = YES;
				CLANG_WARN_NON_LITERAL_NULL_CONVERSION = YES;
				CLANG_WARN_OBJC_IMPLICIT_RETAIN_SELF = YES;
				CLANG_WARN_OBJC_LITERAL_CONVERSION = YES;
				CLANG_WARN_OBJC_ROOT_CLASS = YES_ERROR;
				CLANG_WARN_QUOTED_INCLUDE_IN_FRAMEWORK_HEADER = YES;
				CLANG_WARN_RANGE_LOOP_ANALYSIS = YES;
				CLANG_WARN_STRICT_PROTOTYPES = YES;
				CLANG_WARN_SUSPICIOUS_MOVE = YES;
				CLANG_WARN_UNGUARDED_AVAILABILITY = YES_AGGRESSIVE;
				CLANG_WARN_UNREACHABLE_CODE = YES;
				CLANG_WARN__DUPLICATE_METHOD_MATCH = YES;
				COPY_PHASE_STRIP = NO;
				DEBUG_INFORMATION_FORMAT = "dwarf-with-dsym";
				ENABLE_NS_ASSERTIONS = NO;
				ENABLE_STRICT_OBJC_MSGSEND = YES;
				ENABLE_USER_SCRIPT_SANDBOXING = NO;
				GCC_C_LANGUAGE_STANDARD = gnu17;
				GCC_NO_COMMON_BLOCKS = YES;
				GCC_WARN_64_TO_32_BIT_CONVERSION = YES;
				GCC_WARN_ABOUT_RETURN_TYPE = YES_ERROR;
				GCC_WARN_UNDECLARED_SELECTOR = YES;
				GCC_WARN_UNINITIALIZED_AUTOS = YES_AGGRESSIVE;
				GCC_WARN_UNUSED_FUNCTION = YES;
				GCC_WARN_UNUSED_VARIABLE = YES;
				IPHONEOS_DEPLOYMENT_TARGET = 17.0;
				LOCALIZATION_PREFERS_STRING_CATALOGS = YES;
				MTL_ENABLE_DEBUG_INFO = NO;
				MTL_FAST_MATH = YES;
				SDKROOT = iphoneos;
				SWIFT_COMPILATION_MODE = wholemodule;
				VALIDATE_PRODUCT = YES;
			};
			name = Release;
		};
		DCFB59DA2B4D711E00DF2F5D /* Debug */ = {
			isa = XCBuildConfiguration;
			baseConfigurationReference = 1D23CEEDB38BEA34736808B5 /* Pods-PoDo.debug.xcconfig */;
			buildSettings = {
				ASSETCATALOG_COMPILER_APPICON_NAME = AppIcon;
				ASSETCATALOG_COMPILER_GLOBAL_ACCENT_COLOR_NAME = AccentColor;
				CODE_SIGN_STYLE = Automatic;
				CURRENT_PROJECT_VERSION = 1;
				DEVELOPMENT_TEAM = M9BG9J9LFY;
				GENERATE_INFOPLIST_FILE = YES;
				INFOPLIST_FILE = PoDo/Info.plist;
				INFOPLIST_KEY_CFBundleDisplayName = Podo;
				INFOPLIST_KEY_NSPhotoLibraryUsageDescription = "Please allow access.";
				INFOPLIST_KEY_UIApplicationSupportsIndirectInputEvents = YES;
				INFOPLIST_KEY_UILaunchStoryboardName = LaunchScreen.storyboard;
				INFOPLIST_KEY_UIMainStoryboardFile = Main;
				INFOPLIST_KEY_UISupportedInterfaceOrientations = UIInterfaceOrientationPortrait;
				INFOPLIST_KEY_UISupportedInterfaceOrientations_iPad = "UIInterfaceOrientationLandscapeLeft UIInterfaceOrientationLandscapeRight UIInterfaceOrientationPortrait UIInterfaceOrientationPortraitUpsideDown";
				IPHONEOS_DEPLOYMENT_TARGET = 15;
				LD_RUNPATH_SEARCH_PATHS = (
					"$(inherited)",
					"@executable_path/Frameworks",
				);
				MARKETING_VERSION = 1.0;
				PRODUCT_BUNDLE_IDENTIFIER = com.Recep.Podo;
				PRODUCT_NAME = "$(TARGET_NAME)";
				SUPPORTED_PLATFORMS = "iphoneos iphonesimulator";
				SUPPORTS_MACCATALYST = NO;
				SUPPORTS_MAC_DESIGNED_FOR_IPHONE_IPAD = NO;
				SWIFT_EMIT_LOC_STRINGS = YES;
				SWIFT_VERSION = 5.0;
				TARGETED_DEVICE_FAMILY = 1;
			};
			name = Debug;
		};
		DCFB59DB2B4D711E00DF2F5D /* Release */ = {
			isa = XCBuildConfiguration;
			baseConfigurationReference = B4DE1C807EAE66E98B34948A /* Pods-PoDo.release.xcconfig */;
			buildSettings = {
				ASSETCATALOG_COMPILER_APPICON_NAME = AppIcon;
				ASSETCATALOG_COMPILER_GLOBAL_ACCENT_COLOR_NAME = AccentColor;
				CODE_SIGN_STYLE = Automatic;
				CURRENT_PROJECT_VERSION = 1;
				DEVELOPMENT_TEAM = M9BG9J9LFY;
				GENERATE_INFOPLIST_FILE = YES;
				INFOPLIST_FILE = PoDo/Info.plist;
				INFOPLIST_KEY_CFBundleDisplayName = Podo;
				INFOPLIST_KEY_NSPhotoLibraryUsageDescription = "Please allow access.";
				INFOPLIST_KEY_UIApplicationSupportsIndirectInputEvents = YES;
				INFOPLIST_KEY_UILaunchStoryboardName = LaunchScreen.storyboard;
				INFOPLIST_KEY_UIMainStoryboardFile = Main;
				INFOPLIST_KEY_UISupportedInterfaceOrientations = UIInterfaceOrientationPortrait;
				INFOPLIST_KEY_UISupportedInterfaceOrientations_iPad = "UIInterfaceOrientationLandscapeLeft UIInterfaceOrientationLandscapeRight UIInterfaceOrientationPortrait UIInterfaceOrientationPortraitUpsideDown";
				IPHONEOS_DEPLOYMENT_TARGET = 15;
				LD_RUNPATH_SEARCH_PATHS = (
					"$(inherited)",
					"@executable_path/Frameworks",
				);
				MARKETING_VERSION = 1.0;
				PRODUCT_BUNDLE_IDENTIFIER = com.Recep.Podo;
				PRODUCT_NAME = "$(TARGET_NAME)";
				SUPPORTED_PLATFORMS = "iphoneos iphonesimulator";
				SUPPORTS_MACCATALYST = NO;
				SUPPORTS_MAC_DESIGNED_FOR_IPHONE_IPAD = NO;
				SWIFT_EMIT_LOC_STRINGS = YES;
				SWIFT_VERSION = 5.0;
				TARGETED_DEVICE_FAMILY = 1;
			};
			name = Release;
		};
/* End XCBuildConfiguration section */

/* Begin XCConfigurationList section */
		DCFB59C02B4D711D00DF2F5D /* Build configuration list for PBXProject "Podo" */ = {
			isa = XCConfigurationList;
			buildConfigurations = (
				DCFB59D72B4D711E00DF2F5D /* Debug */,
				DCFB59D82B4D711E00DF2F5D /* Release */,
			);
			defaultConfigurationIsVisible = 0;
			defaultConfigurationName = Release;
		};
		DCFB59D92B4D711E00DF2F5D /* Build configuration list for PBXNativeTarget "Podo" */ = {
			isa = XCConfigurationList;
			buildConfigurations = (
				DCFB59DA2B4D711E00DF2F5D /* Debug */,
				DCFB59DB2B4D711E00DF2F5D /* Release */,
			);
			defaultConfigurationIsVisible = 0;
			defaultConfigurationName = Release;
		};
/* End XCConfigurationList section */

/* Begin XCRemoteSwiftPackageReference section */
		DCB75DF42B508DE30036A076 /* XCRemoteSwiftPackageReference "firebase-ios-sdk" */ = {
			isa = XCRemoteSwiftPackageReference;
			repositoryURL = "https://github.com/firebase/firebase-ios-sdk";
			requirement = {
				kind = upToNextMajorVersion;
				minimumVersion = 10.19.1;
			};
		};
		DCB75E072B508E930036A076 /* XCRemoteSwiftPackageReference "IQKeyboardManager" */ = {
			isa = XCRemoteSwiftPackageReference;
			repositoryURL = "https://github.com/hackiftekhar/IQKeyboardManager.git";
			requirement = {
				kind = upToNextMajorVersion;
				minimumVersion = 6.5.16;
			};
		};
/* End XCRemoteSwiftPackageReference section */

/* Begin XCSwiftPackageProductDependency section */
		DC9B27502B78ED0300EFE6D9 /* FirebaseFirestore */ = {
			isa = XCSwiftPackageProductDependency;
			package = DCB75DF42B508DE30036A076 /* XCRemoteSwiftPackageReference "firebase-ios-sdk" */;
			productName = FirebaseFirestore;
		};
		DC9B27522B78ED0300EFE6D9 /* FirebaseFirestoreSwift */ = {
			isa = XCSwiftPackageProductDependency;
			package = DCB75DF42B508DE30036A076 /* XCRemoteSwiftPackageReference "firebase-ios-sdk" */;
			productName = FirebaseFirestoreSwift;
		};
		DCB75DF52B508DE30036A076 /* FirebaseAnalytics */ = {
			isa = XCSwiftPackageProductDependency;
			package = DCB75DF42B508DE30036A076 /* XCRemoteSwiftPackageReference "firebase-ios-sdk" */;
			productName = FirebaseAnalytics;
		};
		DCB75DF72B508DE30036A076 /* FirebaseAnalyticsOnDeviceConversion */ = {
			isa = XCSwiftPackageProductDependency;
			package = DCB75DF42B508DE30036A076 /* XCRemoteSwiftPackageReference "firebase-ios-sdk" */;
			productName = FirebaseAnalyticsOnDeviceConversion;
		};
		DCB75DF92B508DE30036A076 /* FirebaseAnalyticsSwift */ = {
			isa = XCSwiftPackageProductDependency;
			package = DCB75DF42B508DE30036A076 /* XCRemoteSwiftPackageReference "firebase-ios-sdk" */;
			productName = FirebaseAnalyticsSwift;
		};
		DCB75DFB2B508DE30036A076 /* FirebaseAnalyticsWithoutAdIdSupport */ = {
			isa = XCSwiftPackageProductDependency;
			package = DCB75DF42B508DE30036A076 /* XCRemoteSwiftPackageReference "firebase-ios-sdk" */;
			productName = FirebaseAnalyticsWithoutAdIdSupport;
		};
		DCB75DFD2B508DE30036A076 /* FirebaseAppCheck */ = {
			isa = XCSwiftPackageProductDependency;
			package = DCB75DF42B508DE30036A076 /* XCRemoteSwiftPackageReference "firebase-ios-sdk" */;
			productName = FirebaseAppCheck;
		};
		DCB75DFF2B508DE30036A076 /* FirebaseAppDistribution-Beta */ = {
			isa = XCSwiftPackageProductDependency;
			package = DCB75DF42B508DE30036A076 /* XCRemoteSwiftPackageReference "firebase-ios-sdk" */;
			productName = "FirebaseAppDistribution-Beta";
		};
		DCB75E012B508DE30036A076 /* FirebaseAuth */ = {
			isa = XCSwiftPackageProductDependency;
			package = DCB75DF42B508DE30036A076 /* XCRemoteSwiftPackageReference "firebase-ios-sdk" */;
			productName = FirebaseAuth;
		};
		DCB75E032B508DE30036A076 /* FirebaseAuthCombine-Community */ = {
			isa = XCSwiftPackageProductDependency;
			package = DCB75DF42B508DE30036A076 /* XCRemoteSwiftPackageReference "firebase-ios-sdk" */;
			productName = "FirebaseAuthCombine-Community";
		};
		DCB75E052B508DE30036A076 /* FirebaseCrashlytics */ = {
			isa = XCSwiftPackageProductDependency;
			package = DCB75DF42B508DE30036A076 /* XCRemoteSwiftPackageReference "firebase-ios-sdk" */;
			productName = FirebaseCrashlytics;
		};
		DCB75E082B508E930036A076 /* IQKeyboardManagerSwift */ = {
			isa = XCSwiftPackageProductDependency;
			package = DCB75E072B508E930036A076 /* XCRemoteSwiftPackageReference "IQKeyboardManager" */;
			productName = IQKeyboardManagerSwift;
		};
/* End XCSwiftPackageProductDependency section */
	};
	rootObject = DCFB59BD2B4D711D00DF2F5D /* Project object */;
}
